
Microsoft Visual Studio Solution File, Format Version 12.00
# Visual Studio 15
VisualStudioVersion = 15.0.27004.2005
MinimumVisualStudioVersion = 10.0.40219.1
Project("{FAE04EC0-301F-11D3-BF4B-00C04F79EFBC}") = "M183.UI", "M183.UI\M183.UI.csproj", "{E3038420-2E55-42DF-B9E1-55075F58190C}"
EndProject
Project("{FAE04EC0-301F-11D3-BF4B-00C04F79EFBC}") = "M183.BusinessLogic", "M183.BusinessLogic\M183.BusinessLogic.csproj", "{D0792556-66A8-4219-A628-4D959215B169}"
EndProject
Project("{FAE04EC0-301F-11D3-BF4B-00C04F79EFBC}") = "M183.DataAccess", "M183.DataAccess\M183.DataAccess.csproj", "{8A47240C-F301-4336-82A8-BBDA2C6A54D7}"
EndProject
Global
	GlobalSection(SolutionConfigurationPlatforms) = preSolution
		Debug|Any CPU = Debug|Any CPU
		Release|Any CPU = Release|Any CPU
	EndGlobalSection
	GlobalSection(ProjectConfigurationPlatforms) = postSolution
		{E3038420-2E55-42DF-B9E1-55075F58190C}.Debug|Any CPU.ActiveCfg = Debug|Any CPU
		{E3038420-2E55-42DF-B9E1-55075F58190C}.Debug|Any CPU.Build.0 = Debug|Any CPU
		{E3038420-2E55-42DF-B9E1-55075F58190C}.Release|Any CPU.ActiveCfg = Release|Any CPU
		{E3038420-2E55-42DF-B9E1-55075F58190C}.Release|Any CPU.Build.0 = Release|Any CPU
		{D0792556-66A8-4219-A628-4D959215B169}.Debug|Any CPU.ActiveCfg = Debug|Any CPU
		{D0792556-66A8-4219-A628-4D959215B169}.Debug|Any CPU.Build.0 = Debug|Any CPU
		{D0792556-66A8-4219-A628-4D959215B169}.Release|Any CPU.ActiveCfg = Release|Any CPU
		{D0792556-66A8-4219-A628-4D959215B169}.Release|Any CPU.Build.0 = Release|Any CPU
		{8A47240C-F301-4336-82A8-BBDA2C6A54D7}.Debug|Any CPU.ActiveCfg = Debug|Any CPU
		{8A47240C-F301-4336-82A8-BBDA2C6A54D7}.Debug|Any CPU.Build.0 = Debug|Any CPU
		{8A47240C-F301-4336-82A8-BBDA2C6A54D7}.Release|Any CPU.ActiveCfg = Release|Any CPU
		{8A47240C-F301-4336-82A8-BBDA2C6A54D7}.Release|Any CPU.Build.0 = Release|Any CPU
	EndGlobalSection
	GlobalSection(SolutionProperties) = preSolution
		HideSolutionNode = FALSE
	EndGlobalSection
	GlobalSection(ExtensibilityGlobals) = postSolution
		SolutionGuid = {BCA06BF2-F5BC-49FB-A734-4D483AE3396E}
	EndGlobalSection
EndGlobal
